{
  "name": "free-proxy-list",
  "lockfileVersion": 2,
  "requires": true,
  "packages": {
    "": {
      "dependencies": {
        "free-proxy-checker": "^1.0.3"
      }
    },
    "node_modules/free-proxy-checker": {
      "version": "1.0.3",
      "resolved": "https://registry.npmjs.org/free-proxy-checker/-/free-proxy-checker-1.0.3.tgz",
      "integrity": "sha512-Iiy6KuFq0J5DAaAGaRVIgHBfVT57PE+Q+f3+BvEP9deWeR/gr5nDNpIZh+1KBeZdSFbkIAxdh2Cv1+jNLytGvg=="
    }
  },
  "dependencies": {
    "free-proxy-checker": {
      "version": "1.0.3",
      "resolved": "https://registry.npmjs.org/free-proxy-checker/-/free-proxy-checker-1.0.3.tgz",
      "integrity": "sha512-Iiy6KuFq0J5DAaAGaRVIgHBfVT57PE+Q+f3+BvEP9deWeR/gr5nDNpIZh+1KBeZdSFbkIAxdh2Cv1+jNLytGvg=="
    }
  }
}
